
Microsoft Visual Studio Solution File, Format Version 12.00
# Visual Studio Version 16
VisualStudioVersion = 16.0.32228.343
MinimumVisualStudioVersion = 10.0.40219.1
Project("{FAE04EC0-301F-11D3-BF4B-00C04F79EFBC}") = "Reporter", "Reporter\Reporter.csproj", "{F46C4E88-7A65-4432-A428-4560C292B11C}"
EndProject
Global
	GlobalSection(SolutionConfigurationPlatforms) = preSolution
		Debug|Any CPU = Debug|Any CPU
		Release|Any CPU = Release|Any CPU
	EndGlobalSection
	GlobalSection(ProjectConfigurationPlatforms) = postSolution
		{F46C4E88-7A65-4432-A428-4560C292B11C}.Debug|Any CPU.ActiveCfg = Debug|Any CPU
		{F46C4E88-7A65-4432-A428-4560C292B11C}.Debug|Any CPU.Build.0 = Debug|Any CPU
		{F46C4E88-7A65-4432-A428-4560C292B11C}.Release|Any CPU.ActiveCfg = Release|Any CPU
		{F46C4E88-7A65-4432-A428-4560C292B11C}.Release|Any CPU.Build.0 = Release|Any CPU
	EndGlobalSection
	GlobalSection(SolutionProperties) = preSolution
		HideSolutionNode = FALSE
	EndGlobalSection
	GlobalSection(ExtensibilityGlobals) = postSolution
		SolutionGuid = {46622862-4BBF-4A7E-817E-53B4B28538E4}
	EndGlobalSection
EndGlobal
